// !$*UTF8*$!
{
	archiveVersion = 1;
	classes = {
	};
	objectVersion = 42;
	objects = {

/* Begin PBXBuildFile section */
		9665E26913B77335008C158A /* maxmspsdk.xcconfig in Resources */ = {isa = PBXBuildFile; fileRef = 9665E26813B77335008C158A /* maxmspsdk.xcconfig */; };
		9665E26D13B77366008C158A /* MaxAPI.framework in Frameworks */ = {isa = PBXBuildFile; fileRef = 9665E26C13B77366008C158A /* MaxAPI.framework */; };
		9675499B13F3A758005CDE9E /* tralalaSymbols.c in Sources */ = {isa = PBXBuildFile; fileRef = 9675499A13F3A758005CDE9E /* tralalaSymbols.c */; };
		9676982713B7784800FE77F4 /* tralala.c in Sources */ = {isa = PBXBuildFile; fileRef = 9676982513B7784800FE77F4 /* tralala.c */; };
		96A0DC9914A4B8CC00895D0E /* 8A.png in Resources */ = {isa = PBXBuildFile; fileRef = 96A0DC7214A4B8CC00895D0E /* 8A.png */; };
		96A0DC9A14A4B8CC00895D0E /* 8B.png in Resources */ = {isa = PBXBuildFile; fileRef = 96A0DC7314A4B8CC00895D0E /* 8B.png */; };
		96A0DC9B14A4B8CC00895D0E /* 8C.png in Resources */ = {isa = PBXBuildFile; fileRef = 96A0DC7414A4B8CC00895D0E /* 8C.png */; };
		96A0DC9C14A4B8CC00895D0E /* 8DA.png in Resources */ = {isa = PBXBuildFile; fileRef = 96A0DC7514A4B8CC00895D0E /* 8DA.png */; };
		96A0DC9D14A4B8CC00895D0E /* 8DB.png in Resources */ = {isa = PBXBuildFile; fileRef = 96A0DC7614A4B8CC00895D0E /* 8DB.png */; };
		96A0DC9E14A4B8CC00895D0E /* 8DC.png in Resources */ = {isa = PBXBuildFile; fileRef = 96A0DC7714A4B8CC00895D0E /* 8DC.png */; };
		96A0DC9F14A4B8CC00895D0E /* 8TA.png in Resources */ = {isa = PBXBuildFile; fileRef = 96A0DC7814A4B8CC00895D0E /* 8TA.png */; };
		96A0DCA014A4B8CC00895D0E /* 8TB.png in Resources */ = {isa = PBXBuildFile; fileRef = 96A0DC7914A4B8CC00895D0E /* 8TB.png */; };
		96A0DCA114A4B8CC00895D0E /* 8TC.png in Resources */ = {isa = PBXBuildFile; fileRef = 96A0DC7A14A4B8CC00895D0E /* 8TC.png */; };
		96A0DCA214A4B8CC00895D0E /* 2A.png in Resources */ = {isa = PBXBuildFile; fileRef = 96A0DC7B14A4B8CC00895D0E /* 2A.png */; };
		96A0DCA314A4B8CC00895D0E /* 2B.png in Resources */ = {isa = PBXBuildFile; fileRef = 96A0DC7C14A4B8CC00895D0E /* 2B.png */; };
		96A0DCA414A4B8CC00895D0E /* 2C.png in Resources */ = {isa = PBXBuildFile; fileRef = 96A0DC7D14A4B8CC00895D0E /* 2C.png */; };
		96A0DCA514A4B8CC00895D0E /* 2DA.png in Resources */ = {isa = PBXBuildFile; fileRef = 96A0DC7E14A4B8CC00895D0E /* 2DA.png */; };
		96A0DCA614A4B8CC00895D0E /* 2DB.png in Resources */ = {isa = PBXBuildFile; fileRef = 96A0DC7F14A4B8CC00895D0E /* 2DB.png */; };
		96A0DCA714A4B8CC00895D0E /* 2DC.png in Resources */ = {isa = PBXBuildFile; fileRef = 96A0DC8014A4B8CC00895D0E /* 2DC.png */; };
		96A0DCA814A4B8CC00895D0E /* 2TA.png in Resources */ = {isa = PBXBuildFile; fileRef = 96A0DC8114A4B8CC00895D0E /* 2TA.png */; };
		96A0DCA914A4B8CC00895D0E /* 2TB.png in Resources */ = {isa = PBXBuildFile; fileRef = 96A0DC8214A4B8CC00895D0E /* 2TB.png */; };
		96A0DCAA14A4B8CC00895D0E /* 2TC.png in Resources */ = {isa = PBXBuildFile; fileRef = 96A0DC8314A4B8CC00895D0E /* 2TC.png */; };
		96A0DCAB14A4B8CC00895D0E /* 4A.png in Resources */ = {isa = PBXBuildFile; fileRef = 96A0DC8414A4B8CC00895D0E /* 4A.png */; };
		96A0DCAC14A4B8CC00895D0E /* 4B.png in Resources */ = {isa = PBXBuildFile; fileRef = 96A0DC8514A4B8CC00895D0E /* 4B.png */; };
		96A0DCAD14A4B8CC00895D0E /* 4C.png in Resources */ = {isa = PBXBuildFile; fileRef = 96A0DC8614A4B8CC00895D0E /* 4C.png */; };
		96A0DCAE14A4B8CC00895D0E /* 4DA.png in Resources */ = {isa = PBXBuildFile; fileRef = 96A0DC8714A4B8CC00895D0E /* 4DA.png */; };
		96A0DCAF14A4B8CC00895D0E /* 4DB.png in Resources */ = {isa = PBXBuildFile; fileRef = 96A0DC8814A4B8CC00895D0E /* 4DB.png */; };
		96A0DCB014A4B8CC00895D0E /* 4DC.png in Resources */ = {isa = PBXBuildFile; fileRef = 96A0DC8914A4B8CC00895D0E /* 4DC.png */; };
		96A0DCB114A4B8CC00895D0E /* 4TA.png in Resources */ = {isa = PBXBuildFile; fileRef = 96A0DC8A14A4B8CC00895D0E /* 4TA.png */; };
		96A0DCB214A4B8CC00895D0E /* 4TB.png in Resources */ = {isa = PBXBuildFile; fileRef = 96A0DC8B14A4B8CC00895D0E /* 4TB.png */; };
		96A0DCB314A4B8CC00895D0E /* 4TC.png in Resources */ = {isa = PBXBuildFile; fileRef = 96A0DC8C14A4B8CC00895D0E /* 4TC.png */; };
		96A0DCB414A4B8CC00895D0E /* 16A.png in Resources */ = {isa = PBXBuildFile; fileRef = 96A0DC8D14A4B8CC00895D0E /* 16A.png */; };
		96A0DCB514A4B8CC00895D0E /* 16B.png in Resources */ = {isa = PBXBuildFile; fileRef = 96A0DC8E14A4B8CC00895D0E /* 16B.png */; };
		96A0DCB614A4B8CC00895D0E /* 16C.png in Resources */ = {isa = PBXBuildFile; fileRef = 96A0DC8F14A4B8CC00895D0E /* 16C.png */; };
		96A0DCB714A4B8CC00895D0E /* 16DA.png in Resources */ = {isa = PBXBuildFile; fileRef = 96A0DC9014A4B8CC00895D0E /* 16DA.png */; };
		96A0DCB814A4B8CC00895D0E /* 16DB.png in Resources */ = {isa = PBXBuildFile; fileRef = 96A0DC9114A4B8CC00895D0E /* 16DB.png */; };
		96A0DCB914A4B8CC00895D0E /* 16DC.png in Resources */ = {isa = PBXBuildFile; fileRef = 96A0DC9214A4B8CC00895D0E /* 16DC.png */; };
		96A0DCBA14A4B8CC00895D0E /* 16TA.png in Resources */ = {isa = PBXBuildFile; fileRef = 96A0DC9314A4B8CC00895D0E /* 16TA.png */; };
		96A0DCBB14A4B8CC00895D0E /* 16TB.png in Resources */ = {isa = PBXBuildFile; fileRef = 96A0DC9414A4B8CC00895D0E /* 16TB.png */; };
		96A0DCBC14A4B8CC00895D0E /* 16TC.png in Resources */ = {isa = PBXBuildFile; fileRef = 96A0DC9514A4B8CC00895D0E /* 16TC.png */; };
		96A0DCBD14A4B8CC00895D0E /* 1A.png in Resources */ = {isa = PBXBuildFile; fileRef = 96A0DC9614A4B8CC00895D0E /* 1A.png */; };
		96A0DCBE14A4B8CC00895D0E /* 1B.png in Resources */ = {isa = PBXBuildFile; fileRef = 96A0DC9714A4B8CC00895D0E /* 1B.png */; };
		96A0DCBF14A4B8CC00895D0E /* 1C.png in Resources */ = {isa = PBXBuildFile; fileRef = 96A0DC9814A4B8CC00895D0E /* 1C.png */; };
		96D7B2DE14ADC9AC00E090CA /* libPizAlgorithms.a in Frameworks */ = {isa = PBXBuildFile; fileRef = 96D7B2DD14ADC9AC00E090CA /* libPizAlgorithms.a */; };
		96D8DAAF142CE346007F5BAD /* tralalaHide.txt in Resources */ = {isa = PBXBuildFile; fileRef = 96D8DAAE142CE346007F5BAD /* tralalaHide.txt */; };
		96E7B0F314B75F4E00B2C894 /* 32B.png in Resources */ = {isa = PBXBuildFile; fileRef = 96E7B0ED14B75F4E00B2C894 /* 32B.png */; };
		96E7B0F414B75F4E00B2C894 /* 32C.png in Resources */ = {isa = PBXBuildFile; fileRef = 96E7B0EE14B75F4E00B2C894 /* 32C.png */; };
/* End PBXBuildFile section */

/* Begin PBXFileReference section */
		8D01CCD20486CAD60068D4B7 /* tralala.mxo */ = {isa = PBXFileReference; explicitFileType = wrapper.cfbundle; includeInIndex = 0; path = tralala.mxo; sourceTree = BUILT_PRODUCTS_DIR; };
		9665E26813B77335008C158A /* maxmspsdk.xcconfig */ = {isa = PBXFileReference; fileEncoding = 30; lastKnownFileType = text.xcconfig; name = maxmspsdk.xcconfig; path = ../maxmspsdk.xcconfig; sourceTree = SOURCE_ROOT; };
		9665E26C13B77366008C158A /* MaxAPI.framework */ = {isa = PBXFileReference; lastKnownFileType = wrapper.framework; name = MaxAPI.framework; path = "../../c74support/max-includes/MaxAPI.framework"; sourceTree = SOURCE_ROOT; };
		9675499913F3A758005CDE9E /* tralalaSymbols.h */ = {isa = PBXFileReference; fileEncoding = 4; lastKnownFileType = sourcecode.c.h; path = tralalaSymbols.h; sourceTree = "<group>"; };
		9675499A13F3A758005CDE9E /* tralalaSymbols.c */ = {isa = PBXFileReference; fileEncoding = 4; lastKnownFileType = sourcecode.c.c; path = tralalaSymbols.c; sourceTree = "<group>"; };
		9676982513B7784800FE77F4 /* tralala.c */ = {isa = PBXFileReference; fileEncoding = 30; lastKnownFileType = sourcecode.c.c; path = tralala.c; sourceTree = "<group>"; };
		96A0DC7214A4B8CC00895D0E /* 8A.png */ = {isa = PBXFileReference; lastKnownFileType = image.png; path = 8A.png; sourceTree = "<group>"; };
		96A0DC7314A4B8CC00895D0E /* 8B.png */ = {isa = PBXFileReference; lastKnownFileType = image.png; path = 8B.png; sourceTree = "<group>"; };
		96A0DC7414A4B8CC00895D0E /* 8C.png */ = {isa = PBXFileReference; lastKnownFileType = image.png; path = 8C.png; sourceTree = "<group>"; };
		96A0DC7514A4B8CC00895D0E /* 8DA.png */ = {isa = PBXFileReference; lastKnownFileType = image.png; path = 8DA.png; sourceTree = "<group>"; };
		96A0DC7614A4B8CC00895D0E /* 8DB.png */ = {isa = PBXFileReference; lastKnownFileType = image.png; path = 8DB.png; sourceTree = "<group>"; };
		96A0DC7714A4B8CC00895D0E /* 8DC.png */ = {isa = PBXFileReference; lastKnownFileType = image.png; path = 8DC.png; sourceTree = "<group>"; };
		96A0DC7814A4B8CC00895D0E /* 8TA.png */ = {isa = PBXFileReference; lastKnownFileType = image.png; path = 8TA.png; sourceTree = "<group>"; };
		96A0DC7914A4B8CC00895D0E /* 8TB.png */ = {isa = PBXFileReference; lastKnownFileType = image.png; path = 8TB.png; sourceTree = "<group>"; };
		96A0DC7A14A4B8CC00895D0E /* 8TC.png */ = {isa = PBXFileReference; lastKnownFileType = image.png; path = 8TC.png; sourceTree = "<group>"; };
		96A0DC7B14A4B8CC00895D0E /* 2A.png */ = {isa = PBXFileReference; lastKnownFileType = image.png; path = 2A.png; sourceTree = "<group>"; };
		96A0DC7C14A4B8CC00895D0E /* 2B.png */ = {isa = PBXFileReference; lastKnownFileType = image.png; path = 2B.png; sourceTree = "<group>"; };
		96A0DC7D14A4B8CC00895D0E /* 2C.png */ = {isa = PBXFileReference; lastKnownFileType = image.png; path = 2C.png; sourceTree = "<group>"; };
		96A0DC7E14A4B8CC00895D0E /* 2DA.png */ = {isa = PBXFileReference; lastKnownFileType = image.png; path = 2DA.png; sourceTree = "<group>"; };
		96A0DC7F14A4B8CC00895D0E /* 2DB.png */ = {isa = PBXFileReference; lastKnownFileType = image.png; path = 2DB.png; sourceTree = "<group>"; };
		96A0DC8014A4B8CC00895D0E /* 2DC.png */ = {isa = PBXFileReference; lastKnownFileType = image.png; path = 2DC.png; sourceTree = "<group>"; };
		96A0DC8114A4B8CC00895D0E /* 2TA.png */ = {isa = PBXFileReference; lastKnownFileType = image.png; path = 2TA.png; sourceTree = "<group>"; };
		96A0DC8214A4B8CC00895D0E /* 2TB.png */ = {isa = PBXFileReference; lastKnownFileType = image.png; path = 2TB.png; sourceTree = "<group>"; };
		96A0DC8314A4B8CC00895D0E /* 2TC.png */ = {isa = PBXFileReference; lastKnownFileType = image.png; path = 2TC.png; sourceTree = "<group>"; };
		96A0DC8414A4B8CC00895D0E /* 4A.png */ = {isa = PBXFileReference; lastKnownFileType = image.png; path = 4A.png; sourceTree = "<group>"; };
		96A0DC8514A4B8CC00895D0E /* 4B.png */ = {isa = PBXFileReference; lastKnownFileType = image.png; path = 4B.png; sourceTree = "<group>"; };
		96A0DC8614A4B8CC00895D0E /* 4C.png */ = {isa = PBXFileReference; lastKnownFileType = image.png; path = 4C.png; sourceTree = "<group>"; };
		96A0DC8714A4B8CC00895D0E /* 4DA.png */ = {isa = PBXFileReference; lastKnownFileType = image.png; path = 4DA.png; sourceTree = "<group>"; };
		96A0DC8814A4B8CC00895D0E /* 4DB.png */ = {isa = PBXFileReference; lastKnownFileType = image.png; path = 4DB.png; sourceTree = "<group>"; };
		96A0DC8914A4B8CC00895D0E /* 4DC.png */ = {isa = PBXFileReference; lastKnownFileType = image.png; path = 4DC.png; sourceTree = "<group>"; };
		96A0DC8A14A4B8CC00895D0E /* 4TA.png */ = {isa = PBXFileReference; lastKnownFileType = image.png; path = 4TA.png; sourceTree = "<group>"; };
		96A0DC8B14A4B8CC00895D0E /* 4TB.png */ = {isa = PBXFileReference; lastKnownFileType = image.png; path = 4TB.png; sourceTree = "<group>"; };
		96A0DC8C14A4B8CC00895D0E /* 4TC.png */ = {isa = PBXFileReference; lastKnownFileType = image.png; path = 4TC.png; sourceTree = "<group>"; };
		96A0DC8D14A4B8CC00895D0E /* 16A.png */ = {isa = PBXFileReference; lastKnownFileType = image.png; path = 16A.png; sourceTree = "<group>"; };
		96A0DC8E14A4B8CC00895D0E /* 16B.png */ = {isa = PBXFileReference; lastKnownFileType = image.png; path = 16B.png; sourceTree = "<group>"; };
		96A0DC8F14A4B8CC00895D0E /* 16C.png */ = {isa = PBXFileReference; lastKnownFileType = image.png; path = 16C.png; sourceTree = "<group>"; };
		96A0DC9014A4B8CC00895D0E /* 16DA.png */ = {isa = PBXFileReference; lastKnownFileType = image.png; path = 16DA.png; sourceTree = "<group>"; };
		96A0DC9114A4B8CC00895D0E /* 16DB.png */ = {isa = PBXFileReference; lastKnownFileType = image.png; path = 16DB.png; sourceTree = "<group>"; };
		96A0DC9214A4B8CC00895D0E /* 16DC.png */ = {isa = PBXFileReference; lastKnownFileType = image.png; path = 16DC.png; sourceTree = "<group>"; };
		96A0DC9314A4B8CC00895D0E /* 16TA.png */ = {isa = PBXFileReference; lastKnownFileType = image.png; path = 16TA.png; sourceTree = "<group>"; };
		96A0DC9414A4B8CC00895D0E /* 16TB.png */ = {isa = PBXFileReference; lastKnownFileType = image.png; path = 16TB.png; sourceTree = "<group>"; };
		96A0DC9514A4B8CC00895D0E /* 16TC.png */ = {isa = PBXFileReference; lastKnownFileType = image.png; path = 16TC.png; sourceTree = "<group>"; };
		96A0DC9614A4B8CC00895D0E /* 1A.png */ = {isa = PBXFileReference; lastKnownFileType = image.png; path = 1A.png; sourceTree = "<group>"; };
		96A0DC9714A4B8CC00895D0E /* 1B.png */ = {isa = PBXFileReference; lastKnownFileType = image.png; path = 1B.png; sourceTree = "<group>"; };
		96A0DC9814A4B8CC00895D0E /* 1C.png */ = {isa = PBXFileReference; lastKnownFileType = image.png; path = 1C.png; sourceTree = "<group>"; };
		96CB9E2913C1A24600C00CC4 /* tralala.h */ = {isa = PBXFileReference; fileEncoding = 4; lastKnownFileType = sourcecode.c.h; path = tralala.h; sourceTree = "<group>"; };
		96D7B2DD14ADC9AC00E090CA /* libPizAlgorithms.a */ = {isa = PBXFileReference; lastKnownFileType = archive.ar; name = libPizAlgorithms.a; path = ../pizAlgorithms/build/Release/libPizAlgorithms.a; sourceTree = SOURCE_ROOT; };
		96D8DAAE142CE346007F5BAD /* tralalaHide.txt */ = {isa = PBXFileReference; fileEncoding = 30; lastKnownFileType = text; path = tralalaHide.txt; sourceTree = "<group>"; };
		96E7B0ED14B75F4E00B2C894 /* 32B.png */ = {isa = PBXFileReference; lastKnownFileType = image.png; path = 32B.png; sourceTree = "<group>"; };
		96E7B0EE14B75F4E00B2C894 /* 32C.png */ = {isa = PBXFileReference; lastKnownFileType = image.png; path = 32C.png; sourceTree = "<group>"; };
/* End PBXFileReference section */

/* Begin PBXFrameworksBuildPhase section */
		8D01CCCD0486CAD60068D4B7 /* Frameworks */ = {
			isa = PBXFrameworksBuildPhase;
			buildActionMask = 2147483647;
			files = (
				9665E26D13B77366008C158A /* MaxAPI.framework in Frameworks */,
				96D7B2DE14ADC9AC00E090CA /* libPizAlgorithms.a in Frameworks */,
			);
			runOnlyForDeploymentPostprocessing = 0;
		};
/* End PBXFrameworksBuildPhase section */

/* Begin PBXGroup section */
		089C166AFE841209C02AAC07 /* tralala */ = {
			isa = PBXGroup;
			children = (
				9665E26813B77335008C158A /* maxmspsdk.xcconfig */,
				08FB77ADFE841716C02AAC07 /* Source */,
				089C167CFE841241C02AAC07 /* Resources */,
				089C1671FE841209C02AAC07 /* External Frameworks and Libraries */,
				19C28FB4FE9D528D11CA2CBB /* Products */,
			);
			name = tralala;
			sourceTree = "<group>";
		};
		089C1671FE841209C02AAC07 /* External Frameworks and Libraries */ = {
			isa = PBXGroup;
			children = (
				96D7B2DD14ADC9AC00E090CA /* libPizAlgorithms.a */,
				9665E26C13B77366008C158A /* MaxAPI.framework */,
			);
			name = "External Frameworks and Libraries";
			sourceTree = "<group>";
		};
		089C167CFE841241C02AAC07 /* Resources */ = {
			isa = PBXGroup;
			children = (
				96A0DCC214A4B8EF00895D0E /* Images */,
				96D8DAAE142CE346007F5BAD /* tralalaHide.txt */,
			);
			name = Resources;
			sourceTree = "<group>";
		};
		08FB77ADFE841716C02AAC07 /* Source */ = {
			isa = PBXGroup;
			children = (
				96CB9E2913C1A24600C00CC4 /* tralala.h */,
				9676982513B7784800FE77F4 /* tralala.c */,
				9675499913F3A758005CDE9E /* tralalaSymbols.h */,
				9675499A13F3A758005CDE9E /* tralalaSymbols.c */,
			);
			name = Source;
			sourceTree = "<group>";
		};
		19C28FB4FE9D528D11CA2CBB /* Products */ = {
			isa = PBXGroup;
			children = (
				8D01CCD20486CAD60068D4B7 /* tralala.mxo */,
			);
			name = Products;
			sourceTree = "<group>";
		};
		96A0DCC214A4B8EF00895D0E /* Images */ = {
			isa = PBXGroup;
			children = (
				96A0DC9614A4B8CC00895D0E /* 1A.png */,
				96A0DC9714A4B8CC00895D0E /* 1B.png */,
				96A0DC9814A4B8CC00895D0E /* 1C.png */,
				96A0DC7B14A4B8CC00895D0E /* 2A.png */,
				96A0DC7C14A4B8CC00895D0E /* 2B.png */,
				96A0DC7D14A4B8CC00895D0E /* 2C.png */,
				96A0DC7E14A4B8CC00895D0E /* 2DA.png */,
				96A0DC7F14A4B8CC00895D0E /* 2DB.png */,
				96A0DC8014A4B8CC00895D0E /* 2DC.png */,
				96A0DC8114A4B8CC00895D0E /* 2TA.png */,
				96A0DC8214A4B8CC00895D0E /* 2TB.png */,
				96A0DC8314A4B8CC00895D0E /* 2TC.png */,
				96A0DC8414A4B8CC00895D0E /* 4A.png */,
				96A0DC8514A4B8CC00895D0E /* 4B.png */,
				96A0DC8614A4B8CC00895D0E /* 4C.png */,
				96A0DC8714A4B8CC00895D0E /* 4DA.png */,
				96A0DC8814A4B8CC00895D0E /* 4DB.png */,
				96A0DC8914A4B8CC00895D0E /* 4DC.png */,
				96A0DC8A14A4B8CC00895D0E /* 4TA.png */,
				96A0DC8B14A4B8CC00895D0E /* 4TB.png */,
				96A0DC8C14A4B8CC00895D0E /* 4TC.png */,
				96A0DC7214A4B8CC00895D0E /* 8A.png */,
				96A0DC7314A4B8CC00895D0E /* 8B.png */,
				96A0DC7414A4B8CC00895D0E /* 8C.png */,
				96A0DC7514A4B8CC00895D0E /* 8DA.png */,
				96A0DC7614A4B8CC00895D0E /* 8DB.png */,
				96A0DC7714A4B8CC00895D0E /* 8DC.png */,
				96A0DC7814A4B8CC00895D0E /* 8TA.png */,
				96A0DC7914A4B8CC00895D0E /* 8TB.png */,
				96A0DC7A14A4B8CC00895D0E /* 8TC.png */,
				96A0DC8D14A4B8CC00895D0E /* 16A.png */,
				96A0DC8E14A4B8CC00895D0E /* 16B.png */,
				96A0DC8F14A4B8CC00895D0E /* 16C.png */,
				96A0DC9014A4B8CC00895D0E /* 16DA.png */,
				96A0DC9114A4B8CC00895D0E /* 16DB.png */,
				96A0DC9214A4B8CC00895D0E /* 16DC.png */,
				96A0DC9314A4B8CC00895D0E /* 16TA.png */,
				96A0DC9414A4B8CC00895D0E /* 16TB.png */,
				96A0DC9514A4B8CC00895D0E /* 16TC.png */,
				96E7B0ED14B75F4E00B2C894 /* 32B.png */,
				96E7B0EE14B75F4E00B2C894 /* 32C.png */,
			);
			name = Images;
			sourceTree = "<group>";
		};
/* End PBXGroup section */

/* Begin PBXNativeTarget section */
		8D01CCC60486CAD60068D4B7 /* max_external */ = {
			isa = PBXNativeTarget;
			buildConfigurationList = 4FADC23308B4156C00ABE55E /* Build configuration list for PBXNativeTarget "max_external" */;
			buildPhases = (
				8D01CCC90486CAD60068D4B7 /* Resources */,
				8D01CCCB0486CAD60068D4B7 /* Sources */,
				8D01CCCD0486CAD60068D4B7 /* Frameworks */,
			);
			buildRules = (
			);
			dependencies = (
			);
			name = max_external;
			productInstallPath = "$(HOME)/Library/Bundles";
			productName = tralala;
			productReference = 8D01CCD20486CAD60068D4B7 /* tralala.mxo */;
			productType = "com.apple.product-type.bundle";
		};
/* End PBXNativeTarget section */

/* Begin PBXProject section */
		089C1669FE841209C02AAC07 /* Project object */ = {
			isa = PBXProject;
			buildConfigurationList = 4FADC23708B4156C00ABE55E /* Build configuration list for PBXProject "tralala" */;
			hasScannedForEncodings = 1;
			mainGroup = 089C166AFE841209C02AAC07 /* tralala */;
			projectDirPath = "";
			targets = (
				8D01CCC60486CAD60068D4B7 /* max_external */,
			);
		};
/* End PBXProject section */

/* Begin PBXResourcesBuildPhase section */
		8D01CCC90486CAD60068D4B7 /* Resources */ = {
			isa = PBXResourcesBuildPhase;
			buildActionMask = 2147483647;
			files = (
				9665E26913B77335008C158A /* maxmspsdk.xcconfig in Resources */,
				96D8DAAF142CE346007F5BAD /* tralalaHide.txt in Resources */,
				96A0DC9914A4B8CC00895D0E /* 8A.png in Resources */,
				96A0DC9A14A4B8CC00895D0E /* 8B.png in Resources */,
				96A0DC9B14A4B8CC00895D0E /* 8C.png in Resources */,
				96A0DC9C14A4B8CC00895D0E /* 8DA.png in Resources */,
				96A0DC9D14A4B8CC00895D0E /* 8DB.png in Resources */,
				96A0DC9E14A4B8CC00895D0E /* 8DC.png in Resources */,
				96A0DC9F14A4B8CC00895D0E /* 8TA.png in Resources */,
				96A0DCA014A4B8CC00895D0E /* 8TB.png in Resources */,
				96A0DCA114A4B8CC00895D0E /* 8TC.png in Resources */,
				96A0DCA214A4B8CC00895D0E /* 2A.png in Resources */,
				96A0DCA314A4B8CC00895D0E /* 2B.png in Resources */,
				96A0DCA414A4B8CC00895D0E /* 2C.png in Resources */,
				96A0DCA514A4B8CC00895D0E /* 2DA.png in Resources */,
				96A0DCA614A4B8CC00895D0E /* 2DB.png in Resources */,
				96A0DCA714A4B8CC00895D0E /* 2DC.png in Resources */,
				96A0DCA814A4B8CC00895D0E /* 2TA.png in Resources */,
				96A0DCA914A4B8CC00895D0E /* 2TB.png in Resources */,
				96A0DCAA14A4B8CC00895D0E /* 2TC.png in Resources */,
				96A0DCAB14A4B8CC00895D0E /* 4A.png in Resources */,
				96A0DCAC14A4B8CC00895D0E /* 4B.png in Resources */,
				96A0DCAD14A4B8CC00895D0E /* 4C.png in Resources */,
				96A0DCAE14A4B8CC00895D0E /* 4DA.png in Resources */,
				96A0DCAF14A4B8CC00895D0E /* 4DB.png in Resources */,
				96A0DCB014A4B8CC00895D0E /* 4DC.png in Resources */,
				96A0DCB114A4B8CC00895D0E /* 4TA.png in Resources */,
				96A0DCB214A4B8CC00895D0E /* 4TB.png in Resources */,
				96A0DCB314A4B8CC00895D0E /* 4TC.png in Resources */,
				96A0DCB414A4B8CC00895D0E /* 16A.png in Resources */,
				96A0DCB514A4B8CC00895D0E /* 16B.png in Resources */,
				96A0DCB614A4B8CC00895D0E /* 16C.png in Resources */,
				96A0DCB714A4B8CC00895D0E /* 16DA.png in Resources */,
				96A0DCB814A4B8CC00895D0E /* 16DB.png in Resources */,
				96A0DCB914A4B8CC00895D0E /* 16DC.png in Resources */,
				96A0DCBA14A4B8CC00895D0E /* 16TA.png in Resources */,
				96A0DCBB14A4B8CC00895D0E /* 16TB.png in Resources */,
				96A0DCBC14A4B8CC00895D0E /* 16TC.png in Resources */,
				96A0DCBD14A4B8CC00895D0E /* 1A.png in Resources */,
				96A0DCBE14A4B8CC00895D0E /* 1B.png in Resources */,
				96A0DCBF14A4B8CC00895D0E /* 1C.png in Resources */,
				96E7B0F314B75F4E00B2C894 /* 32B.png in Resources */,
				96E7B0F414B75F4E00B2C894 /* 32C.png in Resources */,
			);
			runOnlyForDeploymentPostprocessing = 0;
		};
/* End PBXResourcesBuildPhase section */

/* Begin PBXSourcesBuildPhase section */
		8D01CCCB0486CAD60068D4B7 /* Sources */ = {
			isa = PBXSourcesBuildPhase;
			buildActionMask = 2147483647;
			files = (
				9676982713B7784800FE77F4 /* tralala.c in Sources */,
				9675499B13F3A758005CDE9E /* tralalaSymbols.c in Sources */,
			);
			runOnlyForDeploymentPostprocessing = 0;
		};
/* End PBXSourcesBuildPhase section */

/* Begin XCBuildConfiguration section */
		4FADC23408B4156C00ABE55E /* Debug */ = {
			isa = XCBuildConfiguration;
			buildSettings = {
				ARCHS = (
					ppc,
					i386,
				);
				COPY_PHASE_STRIP = NO;
				FRAMEWORK_SEARCH_PATHS = (
					"$(inherited)",
					"$(FRAMEWORK_SEARCH_PATHS_QUOTED_FOR_TARGET_1)",
				);
				FRAMEWORK_SEARCH_PATHS_QUOTED_FOR_TARGET_1 = "\"$(SRCROOT)/../../c74support/max-includes\"";
				GCC_DYNAMIC_NO_PIC = NO;
				GCC_ENABLE_FIX_AND_CONTINUE = YES;
				GCC_MODEL_TUNING = "";
				GCC_OPTIMIZATION_LEVEL = 0;
				GCC_PRECOMPILE_PREFIX_HEADER = YES;
				GCC_PREFIX_HEADER = "";
				HEADER_SEARCH_PATHS = (
					/Developer/Headers/FlatCarbon,
					"$(HEADER_SEARCH_PATHS_QUOTED_FOR_TARGET_1)",
					"$(HEADER_SEARCH_PATHS_QUOTED_FOR_TARGET_2)",
				);
				HEADER_SEARCH_PATHS_QUOTED_FOR_TARGET_1 = "\"$(C74SUPPORT)/max-includes\"";
				HEADER_SEARCH_PATHS_QUOTED_FOR_TARGET_2 = "\"$(C74SUPPORT)/msp-includes\"";
				INFOPLIST_FILE = "$(SRCROOT)/../Info.plist";
				INSTALL_PATH = /;
				LIBRARY_SEARCH_PATHS = (
					"$(inherited)",
					"$(LIBRARY_SEARCH_PATHS_QUOTED_FOR_TARGET_1)",
					"$(LIBRARY_SEARCH_PATHS_QUOTED_FOR_TARGET_2)",
					"$(LIBRARY_SEARCH_PATHS_QUOTED_FOR_TARGET_3)",
					"$(LIBRARY_SEARCH_PATHS_QUOTED_FOR_TARGET_4)",
					"$(LIBRARY_SEARCH_PATHS_QUOTED_FOR_TARGET_5)",
					"$(LIBRARY_SEARCH_PATHS_QUOTED_FOR_TARGET_6)",
					"$(LIBRARY_SEARCH_PATHS_QUOTED_FOR_TARGET_7)",
					"$(LIBRARY_SEARCH_PATHS_QUOTED_FOR_TARGET_8)",
					"$(LIBRARY_SEARCH_PATHS_QUOTED_FOR_TARGET_9)",
					"$(LIBRARY_SEARCH_PATHS_QUOTED_FOR_TARGET_10)",
					"$(LIBRARY_SEARCH_PATHS_QUOTED_FOR_TARGET_11)",
					"$(LIBRARY_SEARCH_PATHS_QUOTED_FOR_TARGET_12)",
					"$(LIBRARY_SEARCH_PATHS_QUOTED_FOR_TARGET_13)",
				);
				LIBRARY_SEARCH_PATHS_QUOTED_FOR_TARGET_1 = "\"$(SRCROOT)/../PizDataStructures/build/Release\"";
				LIBRARY_SEARCH_PATHS_QUOTED_FOR_TARGET_10 = "\"$(SRCROOT)/../PizAlgorithms/build/Release\"";
				LIBRARY_SEARCH_PATHS_QUOTED_FOR_TARGET_11 = "\"$(SRCROOT)/../pizAlgorithms/build/Release\"";
				LIBRARY_SEARCH_PATHS_QUOTED_FOR_TARGET_12 = "\"$(SRCROOT)/../pizAlgorithms/build/Release\"";
				LIBRARY_SEARCH_PATHS_QUOTED_FOR_TARGET_13 = "\"$(SRCROOT)/../pizAlgorithms/build/Release\"";
				LIBRARY_SEARCH_PATHS_QUOTED_FOR_TARGET_2 = "\"$(SRCROOT)/../PizAlgorithms/build/Release\"";
				LIBRARY_SEARCH_PATHS_QUOTED_FOR_TARGET_3 = "\"$(SRCROOT)/../PizAlgorithms/build/Release\"";
				LIBRARY_SEARCH_PATHS_QUOTED_FOR_TARGET_4 = "\"$(SRCROOT)/../PizDataStructures/build/Release\"";
				LIBRARY_SEARCH_PATHS_QUOTED_FOR_TARGET_5 = "\"$(SRCROOT)/../PizAlgorithms/build/Release\"";
				LIBRARY_SEARCH_PATHS_QUOTED_FOR_TARGET_6 = "\"$(SRCROOT)/../PizAlgorithms/build/Release\"";
				LIBRARY_SEARCH_PATHS_QUOTED_FOR_TARGET_7 = "\"$(SRCROOT)/../PizAlgorithms/build/Release\"";
				LIBRARY_SEARCH_PATHS_QUOTED_FOR_TARGET_8 = "\"$(SRCROOT)/../PizAlgorithms/build/Release\"";
				LIBRARY_SEARCH_PATHS_QUOTED_FOR_TARGET_9 = "\"$(SRCROOT)/../PizAlgorithms/build/Release\"";
				PRODUCT_NAME = tralala;
				USER_HEADER_SEARCH_PATHS = "\"/users/jeantoto/maxsdk-5.1.7/*tralala/pizdatastructures\" \"/users/jeantoto/maxsdk-5.1.7/*tralala/pizalgorithms\"";
				WRAPPER_EXTENSION = mxo;
				ZERO_LINK = YES;
			};
			name = Debug;
		};
		4FADC23508B4156C00ABE55E /* Release */ = {
			isa = XCBuildConfiguration;
			baseConfigurationReference = 9665E26813B77335008C158A /* maxmspsdk.xcconfig */;
			buildSettings = {
				ARCHS = (
					i386,
					ppc,
				);
				FRAMEWORK_SEARCH_PATHS = (
					"$(inherited)",
					"$(FRAMEWORK_SEARCH_PATHS_QUOTED_FOR_TARGET_1)/**",
				);
				FRAMEWORK_SEARCH_PATHS_QUOTED_FOR_TARGET_1 = "\"$(SRCROOT)/../../c74support/max-includes\"";
				GCC_C_LANGUAGE_STANDARD = "compiler-default";
				GCC_GENERATE_DEBUGGING_SYMBOLS = NO;
				GCC_MODEL_TUNING = "";
				GCC_OPTIMIZATION_LEVEL = s;
				GCC_PRECOMPILE_PREFIX_HEADER = NO;
				GCC_PREFIX_HEADER = "";
				GCC_UNROLL_LOOPS = NO;
				INFOPLIST_FILE = "$(SRCROOT)/../Info.plist";
				INSTALL_PATH = /;
				LIBRARY_SEARCH_PATHS = (
					"$(inherited)",
					"$(LIBRARY_SEARCH_PATHS_QUOTED_FOR_TARGET_12)",
					"$(LIBRARY_SEARCH_PATHS_QUOTED_FOR_TARGET_13)",
				);
				LIBRARY_SEARCH_PATHS_QUOTED_FOR_TARGET_1 = "\"$(SRCROOT)/../PizDataStructures/build/Release\"";
				LIBRARY_SEARCH_PATHS_QUOTED_FOR_TARGET_10 = "\"$(SRCROOT)/../PizAlgorithms/build/Release\"";
				LIBRARY_SEARCH_PATHS_QUOTED_FOR_TARGET_11 = "\"$(SRCROOT)/../pizAlgorithms/build/Release\"";
				LIBRARY_SEARCH_PATHS_QUOTED_FOR_TARGET_12 = "\"$(SRCROOT)/../pizAlgorithms/build/Release\"";
				LIBRARY_SEARCH_PATHS_QUOTED_FOR_TARGET_13 = "\"$(SRCROOT)/../pizAlgorithms/build/Release\"";
				LIBRARY_SEARCH_PATHS_QUOTED_FOR_TARGET_2 = "\"$(SRCROOT)/../PizAlgorithms/build/Release\"";
				LIBRARY_SEARCH_PATHS_QUOTED_FOR_TARGET_3 = "\"$(SRCROOT)/../PizAlgorithms/build/Release\"";
				LIBRARY_SEARCH_PATHS_QUOTED_FOR_TARGET_4 = "\"$(SRCROOT)/../PizDataStructures/build/Release\"";
				LIBRARY_SEARCH_PATHS_QUOTED_FOR_TARGET_5 = "\"$(SRCROOT)/../PizAlgorithms/build/Release\"";
				LIBRARY_SEARCH_PATHS_QUOTED_FOR_TARGET_6 = "\"$(SRCROOT)/../PizAlgorithms/build/Release\"";
				LIBRARY_SEARCH_PATHS_QUOTED_FOR_TARGET_7 = "\"$(SRCROOT)/../PizAlgorithms/build/Release\"";
				LIBRARY_SEARCH_PATHS_QUOTED_FOR_TARGET_8 = "\"$(SRCROOT)/../PizAlgorithms/build/Release\"";
				LIBRARY_SEARCH_PATHS_QUOTED_FOR_TARGET_9 = "\"$(SRCROOT)/../PizAlgorithms/build/Release\"";
				PREBINDING = YES;
				PRODUCT_NAME = tralala;
				UNEXPORTED_SYMBOLS_FILE = tralalaHide.txt;
				USER_HEADER_SEARCH_PATHS = "$(inherited)";
				WRAPPER_EXTENSION = mxo;
			};
			name = Release;
		};
		4FADC23808B4156C00ABE55E /* Debug */ = {
			isa = XCBuildConfiguration;
			baseConfigurationReference = 9665E26813B77335008C158A /* maxmspsdk.xcconfig */;
			buildSettings = {
				FRAMEWORK_SEARCH_PATHS = (
					"$(FRAMEWORK_SEARCH_PATHS_QUOTED_FOR_PROJECT_1)",
					"$(FRAMEWORK_SEARCH_PATHS_QUOTED_FOR_PROJECT_2)",
				);
				FRAMEWORK_SEARCH_PATHS_QUOTED_FOR_PROJECT_1 = "\"$(C74SUPPORT)/max-includes\"";
				FRAMEWORK_SEARCH_PATHS_QUOTED_FOR_PROJECT_2 = "\"$(C74SUPPORT)/msp-includes\"";
				GCC_MODEL_TUNING = "";
				GCC_OPTIMIZATION_LEVEL = 0;
				GCC_WARN_ABOUT_RETURN_TYPE = YES;
				GCC_WARN_UNUSED_VARIABLE = YES;
				HEADER_SEARCH_PATHS = (
					/Developer/Headers/FlatCarbon,
					"$(HEADER_SEARCH_PATHS_QUOTED_FOR_PROJECT_1)",
					"$(HEADER_SEARCH_PATHS_QUOTED_FOR_PROJECT_2)",
				);
				HEADER_SEARCH_PATHS_QUOTED_FOR_PROJECT_1 = "\"$(C74SUPPORT)/max-includes\"";
				HEADER_SEARCH_PATHS_QUOTED_FOR_PROJECT_2 = "\"$(C74SUPPORT)/msp-includes\"";
				PREBINDING = NO;
				SDKROOT = /Developer/SDKs/MacOSX10.4u.sdk;
				USER_HEADER_SEARCH_PATHS = "/users/jeantoto/maxsdk-5.1.7/*tralala/pizdatastructures";
			};
			name = Debug;
		};
		4FADC23908B4156C00ABE55E /* Release */ = {
			isa = XCBuildConfiguration;
			baseConfigurationReference = 9665E26813B77335008C158A /* maxmspsdk.xcconfig */;
			buildSettings = {
				ARCHS = (
					ppc,
					i386,
				);
				GCC_MODEL_TUNING = "";
				GCC_OPTIMIZATION_LEVEL = 3;
				GCC_UNROLL_LOOPS = YES;
				GCC_WARN_ABOUT_RETURN_TYPE = YES;
				GCC_WARN_INHIBIT_ALL_WARNINGS = NO;
				GCC_WARN_UNUSED_VARIABLE = YES;
				PREBINDING = YES;
				SDKROOT = /Developer/SDKs/MacOSX10.4u.sdk;
				USER_HEADER_SEARCH_PATHS = "/users/jeantoto/maxsdk-5.1.7/*tralala/pizdatastructures";
			};
			name = Release;
		};
/* End XCBuildConfiguration section */

/* Begin XCConfigurationList section */
		4FADC23308B4156C00ABE55E /* Build configuration list for PBXNativeTarget "max_external" */ = {
			isa = XCConfigurationList;
			buildConfigurations = (
				4FADC23408B4156C00ABE55E /* Debug */,
				4FADC23508B4156C00ABE55E /* Release */,
			);
			defaultConfigurationIsVisible = 0;
			defaultConfigurationName = Release;
		};
		4FADC23708B4156C00ABE55E /* Build configuration list for PBXProject "tralala" */ = {
			isa = XCConfigurationList;
			buildConfigurations = (
				4FADC23808B4156C00ABE55E /* Debug */,
				4FADC23908B4156C00ABE55E /* Release */,
			);
			defaultConfigurationIsVisible = 0;
			defaultConfigurationName = Release;
		};
/* End XCConfigurationList section */
	};
	rootObject = 089C1669FE841209C02AAC07 /* Project object */;
}
