// !$*UTF8*$!
{
	archiveVersion = 1;
	classes = {
	};
	objectVersion = 42;
	objects = {

/* Begin PBXBuildFile section */
		961EB1D413D7F15700BD76B1 /* pizFactorOracle.h in Headers */ = {isa = PBXBuildFile; fileRef = 961EB1CE13D7F15700BD76B1 /* pizFactorOracle.h */; };
		961EB1D513D7F15700BD76B1 /* pizGaloisLattice.h in Headers */ = {isa = PBXBuildFile; fileRef = 961EB1CF13D7F15700BD76B1 /* pizGaloisLattice.h */; };
		961EB1D613D7F15700BD76B1 /* pizFiniteState.c in Sources */ = {isa = PBXBuildFile; fileRef = 961EB1D013D7F15700BD76B1 /* pizFiniteState.c */; };
		961EB1D713D7F15700BD76B1 /* pizFiniteState.h in Headers */ = {isa = PBXBuildFile; fileRef = 961EB1D113D7F15700BD76B1 /* pizFiniteState.h */; };
		961EB1D813D7F15700BD76B1 /* pizFactorOracle.c in Sources */ = {isa = PBXBuildFile; fileRef = 961EB1D213D7F15700BD76B1 /* pizFactorOracle.c */; };
		961EB1D913D7F15700BD76B1 /* pizGaloisLattice.c in Sources */ = {isa = PBXBuildFile; fileRef = 961EB1D313D7F15700BD76B1 /* pizGaloisLattice.c */; };
		963192101482169D00E63964 /* pizBoundedHashTable.c in Sources */ = {isa = PBXBuildFile; fileRef = 9631920E1482169D00E63964 /* pizBoundedHashTable.c */; };
		963192111482169D00E63964 /* pizBoundedHashTable.h in Headers */ = {isa = PBXBuildFile; fileRef = 9631920F1482169D00E63964 /* pizBoundedHashTable.h */; };
		96749BE714CC5AA200BA3990 /* pizNeuralGasMaxMSP.c in Sources */ = {isa = PBXBuildFile; fileRef = 96749BE614CC5AA200BA3990 /* pizNeuralGasMaxMSP.c */; };
		96749BF314CC5C3C00BA3990 /* pizMarkovModelMaxMSP.c in Sources */ = {isa = PBXBuildFile; fileRef = 96749BF214CC5C3C00BA3990 /* pizMarkovModelMaxMSP.c */; };
		9699D9E01413A0F900F86BD8 /* pizMarkovModel.h in Headers */ = {isa = PBXBuildFile; fileRef = 9699D9DE1413A0F900F86BD8 /* pizMarkovModel.h */; };
		9699D9E11413A0F900F86BD8 /* pizMarkovModel.c in Sources */ = {isa = PBXBuildFile; fileRef = 9699D9DF1413A0F900F86BD8 /* pizMarkovModel.c */; };
		969BA88614AF6780006B9729 /* pizArrayPool.c in Sources */ = {isa = PBXBuildFile; fileRef = 969BA88414AF6780006B9729 /* pizArrayPool.c */; };
		969BA88714AF6780006B9729 /* pizArrayPool.h in Headers */ = {isa = PBXBuildFile; fileRef = 969BA88514AF6780006B9729 /* pizArrayPool.h */; };
		969CFAAE14CC581900D52846 /* pizKohonenMapMaxMSP.c in Sources */ = {isa = PBXBuildFile; fileRef = 969CFAAD14CC581900D52846 /* pizKohonenMapMaxMSP.c */; };
		96A05BF914E3FBF80028A323 /* pizAlgorithmsMaxMSP.h in Headers */ = {isa = PBXBuildFile; fileRef = 96A05BF814E3FBF80028A323 /* pizAlgorithmsMaxMSP.h */; };
		96A16F79148CF839008268A6 /* pizSequenceTransform.c in Sources */ = {isa = PBXBuildFile; fileRef = 96A16F77148CF839008268A6 /* pizSequenceTransform.c */; };
		96A16F7A148CF839008268A6 /* pizSequence.c in Sources */ = {isa = PBXBuildFile; fileRef = 96A16F78148CF839008268A6 /* pizSequence.c */; };
		96A16F7C148CF848008268A6 /* pizSequenceInterface.c in Sources */ = {isa = PBXBuildFile; fileRef = 96A16F7B148CF848008268A6 /* pizSequenceInterface.c */; };
		96A16F7F148CF856008268A6 /* pizSequenceTransform.h in Headers */ = {isa = PBXBuildFile; fileRef = 96A16F7D148CF856008268A6 /* pizSequenceTransform.h */; };
		96A16F80148CF856008268A6 /* pizSequence.h in Headers */ = {isa = PBXBuildFile; fileRef = 96A16F7E148CF856008268A6 /* pizSequence.h */; };
		96A16F82148CF85B008268A6 /* pizSequenceInterface.h in Headers */ = {isa = PBXBuildFile; fileRef = 96A16F81148CF85B008268A6 /* pizSequenceInterface.h */; };
		96CFA9861408E892009EA9FC /* pizKohonenMap.h in Headers */ = {isa = PBXBuildFile; fileRef = 96CFA9841408E892009EA9FC /* pizKohonenMap.h */; };
		96CFA9871408E892009EA9FC /* pizKohonenMap.c in Sources */ = {isa = PBXBuildFile; fileRef = 96CFA9851408E892009EA9FC /* pizKohonenMap.c */; };
		96CFEAF214E7CFBC00E035C2 /* pizDoxygen.h in Headers */ = {isa = PBXBuildFile; fileRef = 96CFEAF114E7CFBC00E035C2 /* pizDoxygen.h */; };
		96D4D77F140E07E600FF970D /* pizNeuralGas.h in Headers */ = {isa = PBXBuildFile; fileRef = 96D4D77D140E07E600FF970D /* pizNeuralGas.h */; };
		96D4D780140E07E600FF970D /* pizNeuralGas.c in Sources */ = {isa = PBXBuildFile; fileRef = 96D4D77E140E07E600FF970D /* pizNeuralGas.c */; };
		96DD1911144AB01900F914AE /* pizDataStructures.h in Headers */ = {isa = PBXBuildFile; fileRef = 96DD190E144AB01900F914AE /* pizDataStructures.h */; };
		96DD1912144AB01900F914AE /* pizBoundedStack.h in Headers */ = {isa = PBXBuildFile; fileRef = 96DD190F144AB01900F914AE /* pizBoundedStack.h */; };
		96DD1913144AB01900F914AE /* pizBoundedQueue.h in Headers */ = {isa = PBXBuildFile; fileRef = 96DD1910144AB01900F914AE /* pizBoundedQueue.h */; };
		96DD1915144AB02200F914AE /* pizGrowingArray.h in Headers */ = {isa = PBXBuildFile; fileRef = 96DD1914144AB02200F914AE /* pizGrowingArray.h */; };
		96DD1917144AB02800F914AE /* pizHashTable.h in Headers */ = {isa = PBXBuildFile; fileRef = 96DD1916144AB02800F914AE /* pizHashTable.h */; };
		96DD191A144AB02F00F914AE /* pizItemset128.h in Headers */ = {isa = PBXBuildFile; fileRef = 96DD1918144AB02F00F914AE /* pizItemset128.h */; };
		96DD191B144AB02F00F914AE /* pizItemset1024.h in Headers */ = {isa = PBXBuildFile; fileRef = 96DD1919144AB02F00F914AE /* pizItemset1024.h */; };
		96DD191D144AB03400F914AE /* pizLinklist.h in Headers */ = {isa = PBXBuildFile; fileRef = 96DD191C144AB03400F914AE /* pizLinklist.h */; };
		96DD191F144AB03A00F914AE /* pizQueue.h in Headers */ = {isa = PBXBuildFile; fileRef = 96DD191E144AB03A00F914AE /* pizQueue.h */; };
		96DD1921144AB03D00F914AE /* pizTypes.h in Headers */ = {isa = PBXBuildFile; fileRef = 96DD1920144AB03D00F914AE /* pizTypes.h */; };
		96DD1924144AB04600F914AE /* pizBoundedStack.c in Sources */ = {isa = PBXBuildFile; fileRef = 96DD1922144AB04600F914AE /* pizBoundedStack.c */; };
		96DD1925144AB04600F914AE /* pizBoundedQueue.c in Sources */ = {isa = PBXBuildFile; fileRef = 96DD1923144AB04600F914AE /* pizBoundedQueue.c */; };
		96DD1927144AB04C00F914AE /* pizGrowingArray.c in Sources */ = {isa = PBXBuildFile; fileRef = 96DD1926144AB04C00F914AE /* pizGrowingArray.c */; };
		96DD192B144AB05400F914AE /* pizItemset128.c in Sources */ = {isa = PBXBuildFile; fileRef = 96DD1928144AB05400F914AE /* pizItemset128.c */; };
		96DD192C144AB05400F914AE /* pizHashTable.c in Sources */ = {isa = PBXBuildFile; fileRef = 96DD1929144AB05400F914AE /* pizHashTable.c */; };
		96DD192D144AB05400F914AE /* pizItemset1024.c in Sources */ = {isa = PBXBuildFile; fileRef = 96DD192A144AB05400F914AE /* pizItemset1024.c */; };
		96DD192F144AB05B00F914AE /* pizLinklist.c in Sources */ = {isa = PBXBuildFile; fileRef = 96DD192E144AB05B00F914AE /* pizLinklist.c */; };
		96DD1931144AB06000F914AE /* pizQueue.c in Sources */ = {isa = PBXBuildFile; fileRef = 96DD1930144AB06000F914AE /* pizQueue.c */; };
		96E60FC21498993F00CE103D /* pizFactorOracleMaxMSP.c in Sources */ = {isa = PBXBuildFile; fileRef = 96E60FC11498993F00CE103D /* pizFactorOracleMaxMSP.c */; };
		96E60FEF14989B9500CE103D /* pizGaloisLatticeMaxMSP.c in Sources */ = {isa = PBXBuildFile; fileRef = 96E60FEE14989B9500CE103D /* pizGaloisLatticeMaxMSP.c */; };
		96E6103114989E6300CE103D /* pizGrowingArrayExtended.c in Sources */ = {isa = PBXBuildFile; fileRef = 96E6103014989E6300CE103D /* pizGrowingArrayExtended.c */; };
/* End PBXBuildFile section */

/* Begin PBXFileReference section */
		961EB1CE13D7F15700BD76B1 /* pizFactorOracle.h */ = {isa = PBXFileReference; fileEncoding = 30; lastKnownFileType = sourcecode.c.h; path = pizFactorOracle.h; sourceTree = "<group>"; };
		961EB1CF13D7F15700BD76B1 /* pizGaloisLattice.h */ = {isa = PBXFileReference; fileEncoding = 30; lastKnownFileType = sourcecode.c.h; path = pizGaloisLattice.h; sourceTree = "<group>"; };
		961EB1D013D7F15700BD76B1 /* pizFiniteState.c */ = {isa = PBXFileReference; fileEncoding = 30; lastKnownFileType = sourcecode.c.c; path = pizFiniteState.c; sourceTree = "<group>"; };
		961EB1D113D7F15700BD76B1 /* pizFiniteState.h */ = {isa = PBXFileReference; fileEncoding = 30; lastKnownFileType = sourcecode.c.h; path = pizFiniteState.h; sourceTree = "<group>"; };
		961EB1D213D7F15700BD76B1 /* pizFactorOracle.c */ = {isa = PBXFileReference; fileEncoding = 30; lastKnownFileType = sourcecode.c.c; path = pizFactorOracle.c; sourceTree = "<group>"; };
		961EB1D313D7F15700BD76B1 /* pizGaloisLattice.c */ = {isa = PBXFileReference; fileEncoding = 30; lastKnownFileType = sourcecode.c.c; path = pizGaloisLattice.c; sourceTree = "<group>"; };
		9631920E1482169D00E63964 /* pizBoundedHashTable.c */ = {isa = PBXFileReference; fileEncoding = 30; lastKnownFileType = sourcecode.c.c; path = pizBoundedHashTable.c; sourceTree = "<group>"; };
		9631920F1482169D00E63964 /* pizBoundedHashTable.h */ = {isa = PBXFileReference; fileEncoding = 30; lastKnownFileType = sourcecode.c.h; path = pizBoundedHashTable.h; sourceTree = "<group>"; };
		96749BE614CC5AA200BA3990 /* pizNeuralGasMaxMSP.c */ = {isa = PBXFileReference; fileEncoding = 30; lastKnownFileType = sourcecode.c.c; path = pizNeuralGasMaxMSP.c; sourceTree = "<group>"; };
		96749BF214CC5C3C00BA3990 /* pizMarkovModelMaxMSP.c */ = {isa = PBXFileReference; fileEncoding = 30; lastKnownFileType = sourcecode.c.c; path = pizMarkovModelMaxMSP.c; sourceTree = "<group>"; };
		9699D9DE1413A0F900F86BD8 /* pizMarkovModel.h */ = {isa = PBXFileReference; fileEncoding = 4; lastKnownFileType = sourcecode.c.h; path = pizMarkovModel.h; sourceTree = "<group>"; };
		9699D9DF1413A0F900F86BD8 /* pizMarkovModel.c */ = {isa = PBXFileReference; fileEncoding = 4; lastKnownFileType = sourcecode.c.c; path = pizMarkovModel.c; sourceTree = "<group>"; };
		969BA88414AF6780006B9729 /* pizArrayPool.c */ = {isa = PBXFileReference; fileEncoding = 30; lastKnownFileType = sourcecode.c.c; path = pizArrayPool.c; sourceTree = "<group>"; };
		969BA88514AF6780006B9729 /* pizArrayPool.h */ = {isa = PBXFileReference; fileEncoding = 30; lastKnownFileType = sourcecode.c.h; path = pizArrayPool.h; sourceTree = "<group>"; };
		969CFAAD14CC581900D52846 /* pizKohonenMapMaxMSP.c */ = {isa = PBXFileReference; fileEncoding = 30; lastKnownFileType = sourcecode.c.c; path = pizKohonenMapMaxMSP.c; sourceTree = "<group>"; };
		96A05BF814E3FBF80028A323 /* pizAlgorithmsMaxMSP.h */ = {isa = PBXFileReference; fileEncoding = 4; lastKnownFileType = sourcecode.c.h; path = pizAlgorithmsMaxMSP.h; sourceTree = "<group>"; };
		96A16F77148CF839008268A6 /* pizSequenceTransform.c */ = {isa = PBXFileReference; fileEncoding = 30; lastKnownFileType = sourcecode.c.c; path = pizSequenceTransform.c; sourceTree = "<group>"; };
		96A16F78148CF839008268A6 /* pizSequence.c */ = {isa = PBXFileReference; fileEncoding = 30; lastKnownFileType = sourcecode.c.c; path = pizSequence.c; sourceTree = "<group>"; };
		96A16F7B148CF848008268A6 /* pizSequenceInterface.c */ = {isa = PBXFileReference; fileEncoding = 30; lastKnownFileType = sourcecode.c.c; path = pizSequenceInterface.c; sourceTree = "<group>"; };
		96A16F7D148CF856008268A6 /* pizSequenceTransform.h */ = {isa = PBXFileReference; fileEncoding = 30; lastKnownFileType = sourcecode.c.h; path = pizSequenceTransform.h; sourceTree = "<group>"; };
		96A16F7E148CF856008268A6 /* pizSequence.h */ = {isa = PBXFileReference; fileEncoding = 30; indentWidth = 4; lastKnownFileType = sourcecode.c.h; path = pizSequence.h; sourceTree = "<group>"; tabWidth = 4; usesTabs = 0; };
		96A16F81148CF85B008268A6 /* pizSequenceInterface.h */ = {isa = PBXFileReference; fileEncoding = 30; lastKnownFileType = sourcecode.c.h; path = pizSequenceInterface.h; sourceTree = "<group>"; };
		96CFA9841408E892009EA9FC /* pizKohonenMap.h */ = {isa = PBXFileReference; fileEncoding = 4; lastKnownFileType = sourcecode.c.h; path = pizKohonenMap.h; sourceTree = "<group>"; };
		96CFA9851408E892009EA9FC /* pizKohonenMap.c */ = {isa = PBXFileReference; fileEncoding = 4; lastKnownFileType = sourcecode.c.c; path = pizKohonenMap.c; sourceTree = "<group>"; };
		96CFEAF114E7CFBC00E035C2 /* pizDoxygen.h */ = {isa = PBXFileReference; fileEncoding = 4; lastKnownFileType = sourcecode.c.h; path = pizDoxygen.h; sourceTree = "<group>"; };
		96D4D77D140E07E600FF970D /* pizNeuralGas.h */ = {isa = PBXFileReference; fileEncoding = 4; lastKnownFileType = sourcecode.c.h; path = pizNeuralGas.h; sourceTree = "<group>"; };
		96D4D77E140E07E600FF970D /* pizNeuralGas.c */ = {isa = PBXFileReference; fileEncoding = 4; lastKnownFileType = sourcecode.c.c; path = pizNeuralGas.c; sourceTree = "<group>"; };
		96DD190E144AB01900F914AE /* pizDataStructures.h */ = {isa = PBXFileReference; fileEncoding = 30; lastKnownFileType = sourcecode.c.h; path = pizDataStructures.h; sourceTree = "<group>"; };
		96DD190F144AB01900F914AE /* pizBoundedStack.h */ = {isa = PBXFileReference; fileEncoding = 30; lastKnownFileType = sourcecode.c.h; path = pizBoundedStack.h; sourceTree = "<group>"; };
		96DD1910144AB01900F914AE /* pizBoundedQueue.h */ = {isa = PBXFileReference; fileEncoding = 30; lastKnownFileType = sourcecode.c.h; path = pizBoundedQueue.h; sourceTree = "<group>"; };
		96DD1914144AB02200F914AE /* pizGrowingArray.h */ = {isa = PBXFileReference; fileEncoding = 30; lastKnownFileType = sourcecode.c.h; path = pizGrowingArray.h; sourceTree = "<group>"; };
		96DD1916144AB02800F914AE /* pizHashTable.h */ = {isa = PBXFileReference; fileEncoding = 30; lastKnownFileType = sourcecode.c.h; path = pizHashTable.h; sourceTree = "<group>"; };
		96DD1918144AB02F00F914AE /* pizItemset128.h */ = {isa = PBXFileReference; explicitFileType = sourcecode.c.h; fileEncoding = 30; path = pizItemset128.h; sourceTree = "<group>"; };
		96DD1919144AB02F00F914AE /* pizItemset1024.h */ = {isa = PBXFileReference; fileEncoding = 30; lastKnownFileType = sourcecode.c.h; path = pizItemset1024.h; sourceTree = "<group>"; };
		96DD191C144AB03400F914AE /* pizLinklist.h */ = {isa = PBXFileReference; fileEncoding = 30; lastKnownFileType = sourcecode.c.h; path = pizLinklist.h; sourceTree = "<group>"; };
		96DD191E144AB03A00F914AE /* pizQueue.h */ = {isa = PBXFileReference; fileEncoding = 30; lastKnownFileType = sourcecode.c.h; path = pizQueue.h; sourceTree = "<group>"; };
		96DD1920144AB03D00F914AE /* pizTypes.h */ = {isa = PBXFileReference; fileEncoding = 30; lastKnownFileType = sourcecode.c.h; path = pizTypes.h; sourceTree = "<group>"; };
		96DD1922144AB04600F914AE /* pizBoundedStack.c */ = {isa = PBXFileReference; fileEncoding = 30; lastKnownFileType = sourcecode.c.c; path = pizBoundedStack.c; sourceTree = "<group>"; };
		96DD1923144AB04600F914AE /* pizBoundedQueue.c */ = {isa = PBXFileReference; fileEncoding = 30; lastKnownFileType = sourcecode.c.c; path = pizBoundedQueue.c; sourceTree = "<group>"; };
		96DD1926144AB04C00F914AE /* pizGrowingArray.c */ = {isa = PBXFileReference; fileEncoding = 30; lastKnownFileType = sourcecode.c.c; path = pizGrowingArray.c; sourceTree = "<group>"; };
		96DD1928144AB05400F914AE /* pizItemset128.c */ = {isa = PBXFileReference; fileEncoding = 30; lastKnownFileType = sourcecode.c.c; path = pizItemset128.c; sourceTree = "<group>"; };
		96DD1929144AB05400F914AE /* pizHashTable.c */ = {isa = PBXFileReference; fileEncoding = 30; lastKnownFileType = sourcecode.c.c; path = pizHashTable.c; sourceTree = "<group>"; };
		96DD192A144AB05400F914AE /* pizItemset1024.c */ = {isa = PBXFileReference; fileEncoding = 30; lastKnownFileType = sourcecode.c.c; path = pizItemset1024.c; sourceTree = "<group>"; };
		96DD192E144AB05B00F914AE /* pizLinklist.c */ = {isa = PBXFileReference; fileEncoding = 30; lastKnownFileType = sourcecode.c.c; path = pizLinklist.c; sourceTree = "<group>"; };
		96DD1930144AB06000F914AE /* pizQueue.c */ = {isa = PBXFileReference; fileEncoding = 30; lastKnownFileType = sourcecode.c.c; path = pizQueue.c; sourceTree = "<group>"; };
		96E60FC11498993F00CE103D /* pizFactorOracleMaxMSP.c */ = {isa = PBXFileReference; fileEncoding = 30; lastKnownFileType = sourcecode.c.c; path = pizFactorOracleMaxMSP.c; sourceTree = "<group>"; };
		96E60FEE14989B9500CE103D /* pizGaloisLatticeMaxMSP.c */ = {isa = PBXFileReference; fileEncoding = 30; lastKnownFileType = sourcecode.c.c; path = pizGaloisLatticeMaxMSP.c; sourceTree = "<group>"; };
		96E6103014989E6300CE103D /* pizGrowingArrayExtended.c */ = {isa = PBXFileReference; fileEncoding = 30; lastKnownFileType = sourcecode.c.c; path = pizGrowingArrayExtended.c; sourceTree = "<group>"; };
		D2AAC046055464E500DB518D /* libPizAlgorithms.a */ = {isa = PBXFileReference; explicitFileType = archive.ar; includeInIndex = 0; path = libPizAlgorithms.a; sourceTree = BUILT_PRODUCTS_DIR; };
/* End PBXFileReference section */

/* Begin PBXFrameworksBuildPhase section */
		D289987405E68DCB004EDB86 /* Frameworks */ = {
			isa = PBXFrameworksBuildPhase;
			buildActionMask = 2147483647;
			files = (
			);
			runOnlyForDeploymentPostprocessing = 0;
		};
/* End PBXFrameworksBuildPhase section */

/* Begin PBXGroup section */
		08FB7794FE84155DC02AAC07 /* PizAlgorithms */ = {
			isa = PBXGroup;
			children = (
				08FB7795FE84155DC02AAC07 /* Source */,
				C6A0FF2B0290797F04C91782 /* Documentation */,
				1AB674ADFE9D54B511CA2CBB /* Products */,
			);
			name = PizAlgorithms;
			sourceTree = "<group>";
		};
		08FB7795FE84155DC02AAC07 /* Source */ = {
			isa = PBXGroup;
			children = (
				96CFEAF114E7CFBC00E035C2 /* pizDoxygen.h */,
				96AF1B80148CFC39001358AB /* Structures */,
				96AF1B7F148CFC19001358AB /* Algorithms */,
				96AF1B7E148CFBF7001358AB /* Sequence */,
				96CFEAF014E7CF7000E035C2 /* MaxMSP */,
			);
			name = Source;
			sourceTree = "<group>";
		};
		1AB674ADFE9D54B511CA2CBB /* Products */ = {
			isa = PBXGroup;
			children = (
				D2AAC046055464E500DB518D /* libPizAlgorithms.a */,
			);
			name = Products;
			sourceTree = "<group>";
		};
		96AF1B7E148CFBF7001358AB /* Sequence */ = {
			isa = PBXGroup;
			children = (
				96A16F7E148CF856008268A6 /* pizSequence.h */,
				96A16F7D148CF856008268A6 /* pizSequenceTransform.h */,
				96A16F81148CF85B008268A6 /* pizSequenceInterface.h */,
				96A16F78148CF839008268A6 /* pizSequence.c */,
				96A16F77148CF839008268A6 /* pizSequenceTransform.c */,
				96A16F7B148CF848008268A6 /* pizSequenceInterface.c */,
			);
			name = Sequence;
			sourceTree = "<group>";
		};
		96AF1B7F148CFC19001358AB /* Algorithms */ = {
			isa = PBXGroup;
			children = (
				961EB1CE13D7F15700BD76B1 /* pizFactorOracle.h */,
				961EB1D113D7F15700BD76B1 /* pizFiniteState.h */,
				961EB1CF13D7F15700BD76B1 /* pizGaloisLattice.h */,
				96CFA9841408E892009EA9FC /* pizKohonenMap.h */,
				96D4D77D140E07E600FF970D /* pizNeuralGas.h */,
				9699D9DE1413A0F900F86BD8 /* pizMarkovModel.h */,
				961EB1D213D7F15700BD76B1 /* pizFactorOracle.c */,
				961EB1D013D7F15700BD76B1 /* pizFiniteState.c */,
				961EB1D313D7F15700BD76B1 /* pizGaloisLattice.c */,
				96CFA9851408E892009EA9FC /* pizKohonenMap.c */,
				96D4D77E140E07E600FF970D /* pizNeuralGas.c */,
				9699D9DF1413A0F900F86BD8 /* pizMarkovModel.c */,
			);
			name = Algorithms;
			sourceTree = "<group>";
		};
		96AF1B80148CFC39001358AB /* Structures */ = {
			isa = PBXGroup;
			children = (
				96DD190E144AB01900F914AE /* pizDataStructures.h */,
				96DD1920144AB03D00F914AE /* pizTypes.h */,
				96DD191E144AB03A00F914AE /* pizQueue.h */,
				96DD191C144AB03400F914AE /* pizLinklist.h */,
				96DD1918144AB02F00F914AE /* pizItemset128.h */,
				96DD1919144AB02F00F914AE /* pizItemset1024.h */,
				96DD1910144AB01900F914AE /* pizBoundedQueue.h */,
				96DD190F144AB01900F914AE /* pizBoundedStack.h */,
				96DD1914144AB02200F914AE /* pizGrowingArray.h */,
				96DD1916144AB02800F914AE /* pizHashTable.h */,
				9631920F1482169D00E63964 /* pizBoundedHashTable.h */,
				969BA88514AF6780006B9729 /* pizArrayPool.h */,
				96DD1930144AB06000F914AE /* pizQueue.c */,
				96DD192E144AB05B00F914AE /* pizLinklist.c */,
				96DD1928144AB05400F914AE /* pizItemset128.c */,
				96DD192A144AB05400F914AE /* pizItemset1024.c */,
				96DD1923144AB04600F914AE /* pizBoundedQueue.c */,
				96DD1922144AB04600F914AE /* pizBoundedStack.c */,
				96DD1926144AB04C00F914AE /* pizGrowingArray.c */,
				96E6103014989E6300CE103D /* pizGrowingArrayExtended.c */,
				96DD1929144AB05400F914AE /* pizHashTable.c */,
				9631920E1482169D00E63964 /* pizBoundedHashTable.c */,
				969BA88414AF6780006B9729 /* pizArrayPool.c */,
			);
			name = Structures;
			sourceTree = "<group>";
		};
		96CFEAF014E7CF7000E035C2 /* MaxMSP */ = {
			isa = PBXGroup;
			children = (
				96A05BF814E3FBF80028A323 /* pizAlgorithmsMaxMSP.h */,
				96E60FC11498993F00CE103D /* pizFactorOracleMaxMSP.c */,
				96E60FEE14989B9500CE103D /* pizGaloisLatticeMaxMSP.c */,
				969CFAAD14CC581900D52846 /* pizKohonenMapMaxMSP.c */,
				96749BE614CC5AA200BA3990 /* pizNeuralGasMaxMSP.c */,
				96749BF214CC5C3C00BA3990 /* pizMarkovModelMaxMSP.c */,
			);
			name = MaxMSP;
			sourceTree = "<group>";
		};
		C6A0FF2B0290797F04C91782 /* Documentation */ = {
			isa = PBXGroup;
			children = (
			);
			name = Documentation;
			sourceTree = "<group>";
		};
/* End PBXGroup section */

/* Begin PBXHeadersBuildPhase section */
		D2AAC043055464E500DB518D /* Headers */ = {
			isa = PBXHeadersBuildPhase;
			buildActionMask = 2147483647;
			files = (
				961EB1D413D7F15700BD76B1 /* pizFactorOracle.h in Headers */,
				961EB1D513D7F15700BD76B1 /* pizGaloisLattice.h in Headers */,
				961EB1D713D7F15700BD76B1 /* pizFiniteState.h in Headers */,
				96CFA9861408E892009EA9FC /* pizKohonenMap.h in Headers */,
				96D4D77F140E07E600FF970D /* pizNeuralGas.h in Headers */,
				9699D9E01413A0F900F86BD8 /* pizMarkovModel.h in Headers */,
				96DD1911144AB01900F914AE /* pizDataStructures.h in Headers */,
				96DD1912144AB01900F914AE /* pizBoundedStack.h in Headers */,
				96DD1913144AB01900F914AE /* pizBoundedQueue.h in Headers */,
				96DD1915144AB02200F914AE /* pizGrowingArray.h in Headers */,
				96DD1917144AB02800F914AE /* pizHashTable.h in Headers */,
				96DD191A144AB02F00F914AE /* pizItemset128.h in Headers */,
				96DD191B144AB02F00F914AE /* pizItemset1024.h in Headers */,
				96DD191D144AB03400F914AE /* pizLinklist.h in Headers */,
				96DD191F144AB03A00F914AE /* pizQueue.h in Headers */,
				96DD1921144AB03D00F914AE /* pizTypes.h in Headers */,
				963192111482169D00E63964 /* pizBoundedHashTable.h in Headers */,
				96A16F7F148CF856008268A6 /* pizSequenceTransform.h in Headers */,
				96A16F80148CF856008268A6 /* pizSequence.h in Headers */,
				96A16F82148CF85B008268A6 /* pizSequenceInterface.h in Headers */,
				969BA88714AF6780006B9729 /* pizArrayPool.h in Headers */,
				96A05BF914E3FBF80028A323 /* pizAlgorithmsMaxMSP.h in Headers */,
				96CFEAF214E7CFBC00E035C2 /* pizDoxygen.h in Headers */,
			);
			runOnlyForDeploymentPostprocessing = 0;
		};
/* End PBXHeadersBuildPhase section */

/* Begin PBXNativeTarget section */
		D2AAC045055464E500DB518D /* PizAlgorithms */ = {
			isa = PBXNativeTarget;
			buildConfigurationList = 1DEB91EB08733DB70010E9CD /* Build configuration list for PBXNativeTarget "PizAlgorithms" */;
			buildPhases = (
				D2AAC043055464E500DB518D /* Headers */,
				D2AAC044055464E500DB518D /* Sources */,
				D289987405E68DCB004EDB86 /* Frameworks */,
			);
			buildRules = (
			);
			dependencies = (
			);
			name = PizAlgorithms;
			productName = PizAlgorithms;
			productReference = D2AAC046055464E500DB518D /* libPizAlgorithms.a */;
			productType = "com.apple.product-type.library.static";
		};
/* End PBXNativeTarget section */

/* Begin PBXProject section */
		08FB7793FE84155DC02AAC07 /* Project object */ = {
			isa = PBXProject;
			buildConfigurationList = 1DEB91EF08733DB70010E9CD /* Build configuration list for PBXProject "PizAlgorithms" */;
			hasScannedForEncodings = 1;
			mainGroup = 08FB7794FE84155DC02AAC07 /* PizAlgorithms */;
			projectDirPath = "";
			targets = (
				D2AAC045055464E500DB518D /* PizAlgorithms */,
			);
		};
/* End PBXProject section */

/* Begin PBXSourcesBuildPhase section */
		D2AAC044055464E500DB518D /* Sources */ = {
			isa = PBXSourcesBuildPhase;
			buildActionMask = 2147483647;
			files = (
				961EB1D613D7F15700BD76B1 /* pizFiniteState.c in Sources */,
				961EB1D813D7F15700BD76B1 /* pizFactorOracle.c in Sources */,
				961EB1D913D7F15700BD76B1 /* pizGaloisLattice.c in Sources */,
				96CFA9871408E892009EA9FC /* pizKohonenMap.c in Sources */,
				96D4D780140E07E600FF970D /* pizNeuralGas.c in Sources */,
				9699D9E11413A0F900F86BD8 /* pizMarkovModel.c in Sources */,
				96DD1924144AB04600F914AE /* pizBoundedStack.c in Sources */,
				96DD1925144AB04600F914AE /* pizBoundedQueue.c in Sources */,
				96DD1927144AB04C00F914AE /* pizGrowingArray.c in Sources */,
				96DD192B144AB05400F914AE /* pizItemset128.c in Sources */,
				96DD192C144AB05400F914AE /* pizHashTable.c in Sources */,
				96DD192D144AB05400F914AE /* pizItemset1024.c in Sources */,
				96DD192F144AB05B00F914AE /* pizLinklist.c in Sources */,
				96DD1931144AB06000F914AE /* pizQueue.c in Sources */,
				963192101482169D00E63964 /* pizBoundedHashTable.c in Sources */,
				96A16F79148CF839008268A6 /* pizSequenceTransform.c in Sources */,
				96A16F7A148CF839008268A6 /* pizSequence.c in Sources */,
				96A16F7C148CF848008268A6 /* pizSequenceInterface.c in Sources */,
				96E60FC21498993F00CE103D /* pizFactorOracleMaxMSP.c in Sources */,
				96E60FEF14989B9500CE103D /* pizGaloisLatticeMaxMSP.c in Sources */,
				96E6103114989E6300CE103D /* pizGrowingArrayExtended.c in Sources */,
				969BA88614AF6780006B9729 /* pizArrayPool.c in Sources */,
				969CFAAE14CC581900D52846 /* pizKohonenMapMaxMSP.c in Sources */,
				96749BE714CC5AA200BA3990 /* pizNeuralGasMaxMSP.c in Sources */,
				96749BF314CC5C3C00BA3990 /* pizMarkovModelMaxMSP.c in Sources */,
			);
			runOnlyForDeploymentPostprocessing = 0;
		};
/* End PBXSourcesBuildPhase section */

/* Begin XCBuildConfiguration section */
		1DEB91EC08733DB70010E9CD /* Debug */ = {
			isa = XCBuildConfiguration;
			buildSettings = {
				COPY_PHASE_STRIP = NO;
				GCC_DYNAMIC_NO_PIC = NO;
				GCC_ENABLE_FIX_AND_CONTINUE = YES;
				GCC_MODEL_TUNING = G5;
				GCC_OPTIMIZATION_LEVEL = 0;
				HEADER_SEARCH_PATHS = (
					"$(HEADER_SEARCH_PATHS_QUOTED_FOR_TARGET_1)",
					"$(HEADER_SEARCH_PATHS_QUOTED_FOR_TARGET_2)",
				);
				HEADER_SEARCH_PATHS_QUOTED_FOR_TARGET_1 = "\"/Developer/Headers/FlatCarbon\"";
				HEADER_SEARCH_PATHS_QUOTED_FOR_TARGET_2 = "\"/users/jeantoto/maxsdk-5.1.7/c74support/max-includes\"";
				INSTALL_PATH = /usr/local/lib;
				PRODUCT_NAME = PizAlgorithms;
				USER_HEADER_SEARCH_PATHS = "/users/jeantoto/maxsdk-5.1.7/*tralala/pizdatastructures";
				ZERO_LINK = YES;
			};
			name = Debug;
		};
		1DEB91ED08733DB70010E9CD /* Release */ = {
			isa = XCBuildConfiguration;
			buildSettings = {
				ARCHS = (
					ppc,
					i386,
				);
				FRAMEWORK_SEARCH_PATHS = "";
				GCC_C_LANGUAGE_STANDARD = "compiler-default";
				GCC_GENERATE_DEBUGGING_SYMBOLS = NO;
				GCC_MODEL_TUNING = "";
				GCC_OPTIMIZATION_LEVEL = s;
				GCC_UNROLL_LOOPS = NO;
				GCC_WARN_ABOUT_MISSING_PROTOTYPES = YES;
				GCC_WARN_UNUSED_FUNCTION = YES;
				HEADER_SEARCH_PATHS = "$(inherited)";
				HEADER_SEARCH_PATHS_QUOTED_FOR_TARGET_1 = "\"/Developer/Headers/FlatCarbon\"";
				HEADER_SEARCH_PATHS_QUOTED_FOR_TARGET_2 = "\"/users/jeantoto/maxsdk-5.1.7/c74support/max-includes\"";
				HEADER_SEARCH_PATHS_QUOTED_FOR_TARGET_3 = "\"/Developer/Headers/FlatCarbon\"";
				HEADER_SEARCH_PATHS_QUOTED_FOR_TARGET_4 = "\"/users/jeantoto/maxsdk-5.1.7/c74support/max-includes\"";
				INSTALL_PATH = /usr/local/lib;
				LIBRARY_SEARCH_PATHS = "";
				PRODUCT_NAME = PizAlgorithms;
				USER_HEADER_SEARCH_PATHS = "";
			};
			name = Release;
		};
		1DEB91F008733DB70010E9CD /* Debug */ = {
			isa = XCBuildConfiguration;
			buildSettings = {
				ARCHS = (
					ppc,
					i386,
				);
				GCC_WARN_ABOUT_RETURN_TYPE = YES;
				GCC_WARN_UNUSED_VARIABLE = YES;
				PREBINDING = NO;
				SDKROOT = /Developer/SDKs/MacOSX10.4u.sdk;
			};
			name = Debug;
		};
		1DEB91F108733DB70010E9CD /* Release */ = {
			isa = XCBuildConfiguration;
			buildSettings = {
				ARCHS = (
					ppc,
					i386,
				);
				FRAMEWORK_SEARCH_PATHS = "";
				GCC_MODEL_TUNING = "";
				GCC_OPTIMIZATION_LEVEL = 3;
				GCC_UNROLL_LOOPS = YES;
				GCC_WARN_ABOUT_RETURN_TYPE = YES;
				GCC_WARN_UNUSED_VARIABLE = YES;
				LIBRARY_SEARCH_PATHS = "";
				PREBINDING = NO;
				SDKROOT = /Developer/SDKs/MacOSX10.4u.sdk;
				USER_HEADER_SEARCH_PATHS = "";
			};
			name = Release;
		};
/* End XCBuildConfiguration section */

/* Begin XCConfigurationList section */
		1DEB91EB08733DB70010E9CD /* Build configuration list for PBXNativeTarget "PizAlgorithms" */ = {
			isa = XCConfigurationList;
			buildConfigurations = (
				1DEB91EC08733DB70010E9CD /* Debug */,
				1DEB91ED08733DB70010E9CD /* Release */,
			);
			defaultConfigurationIsVisible = 0;
			defaultConfigurationName = Release;
		};
		1DEB91EF08733DB70010E9CD /* Build configuration list for PBXProject "PizAlgorithms" */ = {
			isa = XCConfigurationList;
			buildConfigurations = (
				1DEB91F008733DB70010E9CD /* Debug */,
				1DEB91F108733DB70010E9CD /* Release */,
			);
			defaultConfigurationIsVisible = 0;
			defaultConfigurationName = Release;
		};
/* End XCConfigurationList section */
	};
	rootObject = 08FB7793FE84155DC02AAC07 /* Project object */;
}
